// !$*UTF8*$!
{
	archiveVersion = 1;
	classes = {
	};
	objectVersion = 46;
	objects = {

/* Begin PBXBuildFile section */
		351641751A951D9E000C35F7 /* AppDelegate.swift in Sources */ = {isa = PBXBuildFile; fileRef = 351641741A951D9E000C35F7 /* AppDelegate.swift */; };
		351641771A951D9E000C35F7 /* ViewController.swift in Sources */ = {isa = PBXBuildFile; fileRef = 351641761A951D9E000C35F7 /* ViewController.swift */; };
		3516417A1A951D9E000C35F7 /* Main.storyboard in Resources */ = {isa = PBXBuildFile; fileRef = 351641781A951D9E000C35F7 /* Main.storyboard */; };
		3516417C1A951D9E000C35F7 /* Images.xcassets in Resources */ = {isa = PBXBuildFile; fileRef = 3516417B1A951D9E000C35F7 /* Images.xcassets */; };
		3516417F1A951D9E000C35F7 /* LaunchScreen.xib in Resources */ = {isa = PBXBuildFile; fileRef = 3516417D1A951D9E000C35F7 /* LaunchScreen.xib */; };
		3516418B1A951D9E000C35F7 /* Charlie_FoxtrotTests.swift in Sources */ = {isa = PBXBuildFile; fileRef = 3516418A1A951D9E000C35F7 /* Charlie_FoxtrotTests.swift */; };
/* End PBXBuildFile section */

/* Begin PBXContainerItemProxy section */
		351641851A951D9E000C35F7 /* PBXContainerItemProxy */ = {
			isa = PBXContainerItemProxy;
			containerPortal = 351641671A951D9D000C35F7 /* Project object */;
			proxyType = 1;
			remoteGlobalIDString = 3516416E1A951D9E000C35F7;
			remoteInfo = "Charlie Foxtrot";
		};
/* End PBXContainerItemProxy section */

/* Begin PBXFileReference section */
		3516416F1A951D9E000C35F7 /* Charlie Foxtrot.app */ = {isa = PBXFileReference; explicitFileType = wrapper.application; includeInIndex = 0; path = "Charlie Foxtrot.app"; sourceTree = BUILT_PRODUCTS_DIR; };
		351641731A951D9E000C35F7 /* Info.plist */ = {isa = PBXFileReference; lastKnownFileType = text.plist.xml; path = Info.plist; sourceTree = "<group>"; };
		351641741A951D9E000C35F7 /* AppDelegate.swift */ = {isa = PBXFileReference; lastKnownFileType = sourcecode.swift; path = AppDelegate.swift; sourceTree = "<group>"; };
		351641761A951D9E000C35F7 /* ViewController.swift */ = {isa = PBXFileReference; lastKnownFileType = sourcecode.swift; path = ViewController.swift; sourceTree = "<group>"; };
		351641791A951D9E000C35F7 /* Base */ = {isa = PBXFileReference; lastKnownFileType = file.storyboard; name = Base; path = Base.lproj/Main.storyboard; sourceTree = "<group>"; };
		3516417B1A951D9E000C35F7 /* Images.xcassets */ = {isa = PBXFileReference; lastKnownFileType = folder.assetcatalog; path = Images.xcassets; sourceTree = "<group>"; };
		3516417E1A951D9E000C35F7 /* Base */ = {isa = PBXFileReference; lastKnownFileType = file.xib; name = Base; path = Base.lproj/LaunchScreen.xib; sourceTree = "<group>"; };
		351641841A951D9E000C35F7 /* Charlie FoxtrotTests.xctest */ = {isa = PBXFileReference; explicitFileType = wrapper.cfbundle; includeInIndex = 0; path = "Charlie FoxtrotTests.xctest"; sourceTree = BUILT_PRODUCTS_DIR; };
		351641891A951D9E000C35F7 /* Info.plist */ = {isa = PBXFileReference; lastKnownFileType = text.plist.xml; path = Info.plist; sourceTree = "<group>"; };
		3516418A1A951D9E000C35F7 /* Charlie_FoxtrotTests.swift */ = {isa = PBXFileReference; lastKnownFileType = sourcecode.swift; path = Charlie_FoxtrotTests.swift; sourceTree = "<group>"; };
/* End PBXFileReference section */

/* Begin PBXFrameworksBuildPhase section */
		3516416C1A951D9E000C35F7 /* Frameworks */ = {
			isa = PBXFrameworksBuildPhase;
			buildActionMask = 2147483647;
			files = (
			);
			runOnlyForDeploymentPostprocessing = 0;
		};
		351641811A951D9E000C35F7 /* Frameworks */ = {
			isa = PBXFrameworksBuildPhase;
			buildActionMask = 2147483647;
			files = (
			);
			runOnlyForDeploymentPostprocessing = 0;
		};
/* End PBXFrameworksBuildPhase section */

/* Begin PBXGroup section */
		351641661A951D9D000C35F7 = {
			isa = PBXGroup;
			children = (
				351641711A951D9E000C35F7 /* Charlie Foxtrot */,
				351641871A951D9E000C35F7 /* Charlie FoxtrotTests */,
				351641701A951D9E000C35F7 /* Products */,
			);
			sourceTree = "<group>";
		};
		351641701A951D9E000C35F7 /* Products */ = {
			isa = PBXGroup;
			children = (
				3516416F1A951D9E000C35F7 /* Charlie Foxtrot.app */,
				351641841A951D9E000C35F7 /* Charlie FoxtrotTests.xctest */,
			);
			name = Products;
			sourceTree = "<group>";
		};
		351641711A951D9E000C35F7 /* Charlie Foxtrot */ = {
			isa = PBXGroup;
			children = (
				351641741A951D9E000C35F7 /* AppDelegate.swift */,
				351641761A951D9E000C35F7 /* ViewController.swift */,
				351641781A951D9E000C35F7 /* Main.storyboard */,
				3516417B1A951D9E000C35F7 /* Images.xcassets */,
				3516417D1A951D9E000C35F7 /* LaunchScreen.xib */,
				351641721A951D9E000C35F7 /* Supporting Files */,
			);
			path = "Charlie Foxtrot";
			sourceTree = "<group>";
		};
		351641721A951D9E000C35F7 /* Supporting Files */ = {
			isa = PBXGroup;
			children = (
				351641731A951D9E000C35F7 /* Info.plist */,
			);
			name = "Supporting Files";
			sourceTree = "<group>";
		};
		351641871A951D9E000C35F7 /* Charlie FoxtrotTests */ = {
			isa = PBXGroup;
			children = (
				3516418A1A951D9E000C35F7 /* Charlie_FoxtrotTests.swift */,
				351641881A951D9E000C35F7 /* Supporting Files */,
			);
			path = "Charlie FoxtrotTests";
			sourceTree = "<group>";
		};
		351641881A951D9E000C35F7 /* Supporting Files */ = {
			isa = PBXGroup;
			children = (
				351641891A951D9E000C35F7 /* Info.plist */,
			);
			name = "Supporting Files";
			sourceTree = "<group>";
		};
/* End PBXGroup section */

/* Begin PBXNativeTarget section */
		3516416E1A951D9E000C35F7 /* Charlie Foxtrot */ = {
			isa = PBXNativeTarget;
			buildConfigurationList = 3516418E1A951D9E000C35F7 /* Build configuration list for PBXNativeTarget "Charlie Foxtrot" */;
			buildPhases = (
				3516416B1A951D9E000C35F7 /* Sources */,
				3516416C1A951D9E000C35F7 /* Frameworks */,
				3516416D1A951D9E000C35F7 /* Resources */,
			);
			buildRules = (
			);
			dependencies = (
			);
			name = "Charlie Foxtrot";
			productName = "Charlie Foxtrot";
			productReference = 3516416F1A951D9E000C35F7 /* Charlie Foxtrot.app */;
			productType = "com.apple.product-type.application";
		};
		351641831A951D9E000C35F7 /* Charlie FoxtrotTests */ = {
			isa = PBXNativeTarget;
			buildConfigurationList = 351641911A951D9E000C35F7 /* Build configuration list for PBXNativeTarget "Charlie FoxtrotTests" */;
			buildPhases = (
				351641801A951D9E000C35F7 /* Sources */,
				351641811A951D9E000C35F7 /* Frameworks */,
				351641821A951D9E000C35F7 /* Resources */,
			);
			buildRules = (
			);
			dependencies = (
				351641861A951D9E000C35F7 /* PBXTargetDependency */,
			);
			name = "Charlie FoxtrotTests";
			productName = "Charlie FoxtrotTests";
			productReference = 351641841A951D9E000C35F7 /* Charlie FoxtrotTests.xctest */;
			productType = "com.apple.product-type.bundle.unit-test";
		};
/* End PBXNativeTarget section */

/* Begin PBXProject section */
		351641671A951D9D000C35F7 /* Project object */ = {
			isa = PBXProject;
			attributes = {
				LastUpgradeCheck = 0610;
				ORGANIZATIONNAME = "Luke GJ Potter";
				TargetAttributes = {
					3516416E1A951D9E000C35F7 = {
						CreatedOnToolsVersion = 6.1.1;
					};
					351641831A951D9E000C35F7 = {
						CreatedOnToolsVersion = 6.1.1;
						TestTargetID = 3516416E1A951D9E000C35F7;
					};
				};
			};
			buildConfigurationList = 3516416A1A951D9D000C35F7 /* Build configuration list for PBXProject "Charlie Foxtrot" */;
			compatibilityVersion = "Xcode 3.2";
			developmentRegion = English;
			hasScannedForEncodings = 0;
			knownRegions = (
				en,
				Base,
			);
			mainGroup = 351641661A951D9D000C35F7;
			productRefGroup = 351641701A951D9E000C35F7 /* Products */;
			projectDirPath = "";
			projectRoot = "";
			targets = (
				3516416E1A951D9E000C35F7 /* Charlie Foxtrot */,
				351641831A951D9E000C35F7 /* Charlie FoxtrotTests */,
			);
		};
/* End PBXProject section */

/* Begin PBXResourcesBuildPhase section */
		3516416D1A951D9E000C35F7 /* Resources */ = {
			isa = PBXResourcesBuildPhase;
			buildActionMask = 2147483647;
			files = (
				3516417A1A951D9E000C35F7 /* Main.storyboard in Resources */,
				3516417F1A951D9E000C35F7 /* LaunchScreen.xib in Resources */,
				3516417C1A951D9E000C35F7 /* Images.xcassets in Resources */,
			);
			runOnlyForDeploymentPostprocessing = 0;
		};
		351641821A951D9E000C35F7 /* Resources */ = {
			isa = PBXResourcesBuildPhase;
			buildActionMask = 2147483647;
			files = (
			);
			runOnlyForDeploymentPostprocessing = 0;
		};
/* End PBXResourcesBuildPhase section */

/* Begin PBXSourcesBuildPhase section */
		3516416B1A951D9E000C35F7 /* Sources */ = {
			isa = PBXSourcesBuildPhase;
			buildActionMask = 2147483647;
			files = (
				351641771A951D9E000C35F7 /* ViewController.swift in Sources */,
				351641751A951D9E000C35F7 /* AppDelegate.swift in Sources */,
			);
			runOnlyForDeploymentPostprocessing = 0;
		};
		351641801A951D9E000C35F7 /* Sources */ = {
			isa = PBXSourcesBuildPhase;
			buildActionMask = 2147483647;
			files = (
				3516418B1A951D9E000C35F7 /* Charlie_FoxtrotTests.swift in Sources */,
			);
			runOnlyForDeploymentPostprocessing = 0;
		};
/* End PBXSourcesBuildPhase section */

/* Begin PBXTargetDependency section */
		351641861A951D9E000C35F7 /* PBXTargetDependency */ = {
			isa = PBXTargetDependency;
			target = 3516416E1A951D9E000C35F7 /* Charlie Foxtrot */;
			targetProxy = 351641851A951D9E000C35F7 /* PBXContainerItemProxy */;
		};
/* End PBXTargetDependency section */

/* Begin PBXVariantGroup section */
		351641781A951D9E000C35F7 /* Main.storyboard */ = {
			isa = PBXVariantGroup;
			children = (
				351641791A951D9E000C35F7 /* Base */,
			);
			name = Main.storyboard;
			sourceTree = "<group>";
		};
		3516417D1A951D9E000C35F7 /* LaunchScreen.xib */ = {
			isa = PBXVariantGroup;
			children = (
				3516417E1A951D9E000C35F7 /* Base */,
			);
			name = LaunchScreen.xib;
			sourceTree = "<group>";
		};
/* End PBXVariantGroup section */

/* Begin XCBuildConfiguration section */
		3516418C1A951D9E000C35F7 /* Debug */ = {
			isa = XCBuildConfiguration;
			buildSettings = {
				ALWAYS_SEARCH_USER_PATHS = NO;
				CLANG_CXX_LANGUAGE_STANDARD = "gnu++0x";
				CLANG_CXX_LIBRARY = "libc++";
				CLANG_ENABLE_MODULES = YES;
				CLANG_ENABLE_OBJC_ARC = YES;
				CLANG_WARN_BOOL_CONVERSION = YES;
				CLANG_WARN_CONSTANT_CONVERSION = YES;
				CLANG_WARN_DIRECT_OBJC_ISA_USAGE = YES_ERROR;
				CLANG_WARN_EMPTY_BODY = YES;
				CLANG_WARN_ENUM_CONVERSION = YES;
				CLANG_WARN_INT_CONVERSION = YES;
				CLANG_WARN_OBJC_ROOT_CLASS = YES_ERROR;
				CLANG_WARN_UNREACHABLE_CODE = YES;
				CLANG_WARN__DUPLICATE_METHOD_MATCH = YES;
				"CODE_SIGN_IDENTITY[sdk=iphoneos*]" = "iPhone Developer";
				COPY_PHASE_STRIP = NO;
				ENABLE_STRICT_OBJC_MSGSEND = YES;
				GCC_C_LANGUAGE_STANDARD = gnu99;
				GCC_DYNAMIC_NO_PIC = NO;
				GCC_OPTIMIZATION_LEVEL = 0;
				GCC_PREPROCESSOR_DEFINITIONS = (
					"DEBUG=1",
					"$(inherited)",
				);
				GCC_SYMBOLS_PRIVATE_EXTERN = NO;
				GCC_WARN_64_TO_32_BIT_CONVERSION = YES;
				GCC_WARN_ABOUT_RETURN_TYPE = YES_ERROR;
				GCC_WARN_UNDECLARED_SELECTOR = YES;
				GCC_WARN_UNINITIALIZED_AUTOS = YES_AGGRESSIVE;
				GCC_WARN_UNUSED_FUNCTION = YES;
				GCC_WARN_UNUSED_VARIABLE = YES;
				IPHONEOS_DEPLOYMENT_TARGET = 8.1;
				MTL_ENABLE_DEBUG_INFO = YES;
				ONLY_ACTIVE_ARCH = YES;
				SDKROOT = iphoneos;
				SWIFT_OPTIMIZATION_LEVEL = "-Onone";
			};
			name = Debug;
		};
		3516418D1A951D9E000C35F7 /* Release */ = {
			isa = XCBuildConfiguration;
			buildSettings = {
				ALWAYS_SEARCH_USER_PATHS = NO;
				CLANG_CXX_LANGUAGE_STANDARD = "gnu++0x";
				CLANG_CXX_LIBRARY = "libc++";
				CLANG_ENABLE_MODULES = YES;
				CLANG_ENABLE_OBJC_ARC = YES;
				CLANG_WARN_BOOL_CONVERSION = YES;
				CLANG_WARN_CONSTANT_CONVERSION = YES;
				CLANG_WARN_DIRECT_OBJC_ISA_USAGE = YES_ERROR;
				CLANG_WARN_EMPTY_BODY = YES;
				CLANG_WARN_ENUM_CONVERSION = YES;
				CLANG_WARN_INT_CONVERSION = YES;
				CLANG_WARN_OBJC_ROOT_CLASS = YES_ERROR;
				CLANG_WARN_UNREACHABLE_CODE = YES;
				CLANG_WARN__DUPLICATE_METHOD_MATCH = YES;
				"CODE_SIGN_IDENTITY[sdk=iphoneos*]" = "iPhone Developer";
				COPY_PHASE_STRIP = YES;
				ENABLE_NS_ASSERTIONS = NO;
				ENABLE_STRICT_OBJC_MSGSEND = YES;
				GCC_C_LANGUAGE_STANDARD = gnu99;
				GCC_WARN_64_TO_32_BIT_CONVERSION = YES;
				GCC_WARN_ABOUT_RETURN_TYPE = YES_ERROR;
				GCC_WARN_UNDECLARED_SELECTOR = YES;
				GCC_WARN_UNINITIALIZED_AUTOS = YES_AGGRESSIVE;
				GCC_WARN_UNUSED_FUNCTION = YES;
				GCC_WARN_UNUSED_VARIABLE = YES;
				IPHONEOS_DEPLOYMENT_TARGET = 8.1;
				MTL_ENABLE_DEBUG_INFO = NO;
				SDKROOT = iphoneos;
				VALIDATE_PRODUCT = YES;
			};
			name = Release;
		};
		3516418F1A951D9E000C35F7 /* Debug */ = {
			isa = XCBuildConfiguration;
			buildSettings = {
				ASSETCATALOG_COMPILER_APPICON_NAME = AppIcon;
				INFOPLIST_FILE = "Charlie Foxtrot/Info.plist";
				LD_RUNPATH_SEARCH_PATHS = "$(inherited) @executable_path/Frameworks";
				PRODUCT_NAME = "$(TARGET_NAME)";
			};
			name = Debug;
		};
		351641901A951D9E000C35F7 /* Release */ = {
			isa = XCBuildConfiguration;
			buildSettings = {
				ASSETCATALOG_COMPILER_APPICON_NAME = AppIcon;
				INFOPLIST_FILE = "Charlie Foxtrot/Info.plist";
				LD_RUNPATH_SEARCH_PATHS = "$(inherited) @executable_path/Frameworks";
				PRODUCT_NAME = "$(TARGET_NAME)";
			};
			name = Release;
		};
		351641921A951D9E000C35F7 /* Debug */ = {
			isa = XCBuildConfiguration;
			buildSettings = {
				BUNDLE_LOADER = "$(TEST_HOST)";
				FRAMEWORK_SEARCH_PATHS = (
					"$(SDKROOT)/Developer/Library/Frameworks",
					"$(inherited)",
				);
				GCC_PREPROCESSOR_DEFINITIONS = (
					"DEBUG=1",
					"$(inherited)",
				);
				INFOPLIST_FILE = "Charlie FoxtrotTests/Info.plist";
				LD_RUNPATH_SEARCH_PATHS = "$(inherited) @executable_path/Frameworks @loader_path/Frameworks";
				PRODUCT_NAME = "$(TARGET_NAME)";
				TEST_HOST = "$(BUILT_PRODUCTS_DIR)/Charlie Foxtrot.app/Charlie Foxtrot";
			};
			name = Debug;
		};
		351641931A951D9E000C35F7 /* Release */ = {
			isa = XCBuildConfiguration;
			buildSettings = {
				BUNDLE_LOADER = "$(TEST_HOST)";
				FRAMEWORK_SEARCH_PATHS = (
					"$(SDKROOT)/Developer/Library/Frameworks",
					"$(inherited)",
				);
				INFOPLIST_FILE = "Charlie FoxtrotTests/Info.plist";
				LD_RUNPATH_SEARCH_PATHS = "$(inherited) @executable_path/Frameworks @loader_path/Frameworks";
				PRODUCT_NAME = "$(TARGET_NAME)";
				TEST_HOST = "$(BUILT_PRODUCTS_DIR)/Charlie Foxtrot.app/Charlie Foxtrot";
			};
			name = Release;
		};
/* End XCBuildConfiguration section */

/* Begin XCConfigurationList section */
		3516416A1A951D9D000C35F7 /* Build configuration list for PBXProject "Charlie Foxtrot" */ = {
			isa = XCConfigurationList;
			buildConfigurations = (
				3516418C1A951D9E000C35F7 /* Debug */,
				3516418D1A951D9E000C35F7 /* Release */,
			);
			defaultConfigurationIsVisible = 0;
			defaultConfigurationName = Release;
		};
		3516418E1A951D9E000C35F7 /* Build configuration list for PBXNativeTarget "Charlie Foxtrot" */ = {
			isa = XCConfigurationList;
			buildConfigurations = (
				3516418F1A951D9E000C35F7 /* Debug */,
				351641901A951D9E000C35F7 /* Release */,
			);
			defaultConfigurationIsVisible = 0;
		};
		351641911A951D9E000C35F7 /* Build configuration list for PBXNativeTarget "Charlie FoxtrotTests" */ = {
			isa = XCConfigurationList;
			buildConfigurations = (
				351641921A951D9E000C35F7 /* Debug */,
				351641931A951D9E000C35F7 /* Release */,
			);
			defaultConfigurationIsVisible = 0;
		};
/* End XCConfigurationList section */
	};
	rootObject = 351641671A951D9D000C35F7 /* Project object */;
}
